
Microsoft Visual Studio Solution File, Format Version 12.00
# Visual Studio Version 16
VisualStudioVersion = 16.0.31019.35
MinimumVisualStudioVersion = 10.0.40219.1
Project("{FAE04EC0-301F-11D3-BF4B-00C04F79EFBC}") = "PTransfer", "PTransfer\PTransfer.csproj", "{219F7520-0125-43C5-A5CC-C935DBA8ED1B}"
EndProject
Global
	GlobalSection(SolutionConfigurationPlatforms) = preSolution
		Debug|Any CPU = Debug|Any CPU
		Release|Any CPU = Release|Any CPU
	EndGlobalSection
	GlobalSection(ProjectConfigurationPlatforms) = postSolution
		{219F7520-0125-43C5-A5CC-C935DBA8ED1B}.Debug|Any CPU.ActiveCfg = Debug|Any CPU
		{219F7520-0125-43C5-A5CC-C935DBA8ED1B}.Debug|Any CPU.Build.0 = Debug|Any CPU
		{219F7520-0125-43C5-A5CC-C935DBA8ED1B}.Release|Any CPU.ActiveCfg = Release|Any CPU
		{219F7520-0125-43C5-A5CC-C935DBA8ED1B}.Release|Any CPU.Build.0 = Release|Any CPU
	EndGlobalSection
	GlobalSection(SolutionProperties) = preSolution
		HideSolutionNode = FALSE
	EndGlobalSection
	GlobalSection(ExtensibilityGlobals) = postSolution
		SolutionGuid = {8D32B430-F4CB-4E4A-B6B3-5E4DBE94A5AB}
	EndGlobalSection
EndGlobal
